github.com/glycerine/idem v0.17.0 h1:C5s5btvwOGUSYEksN7B+6wObrGiptwo63tUIvbnjg4E=
github.com/glycerine/idem v0.17.0/go.mod h1:uGbEAxfvHVciE0wVZVO9FbBFhkcXyQUZJhHCthQZSU4=
github.com/glycerine/process_wide_single_rwmutex v1.0.0 h1:ykGR5st6a6LMYftBJDtohM/+HwS+6qP3jiDXiXmkuEM=
github.com/glycerine/process_wide_single_rwmutex v1.0.0/go.mod h1:SdiBPLE7oOa6SBnpK7my2Fnd1+DUeQv3RJOcnnJiIvw=
github.com/glycerine/rbtree v0.2.1 h1:9nD5PDojW8gu1slYBzzH7VND9gbSjB86tusW5YRKghc=
github.com/glycerine/rbtree v0.2.1/go.mod h1:skpUtSrm1HHyLo+HayukOvAmXtE/F6tsVW0uCpaBGWE=
